// !$*UTF8*$!
{
	archiveVersion = 1;
	classes = {
	};
	objectVersion = 56;
	objects = {

/* Begin PBXBuildFile section */
		C480613A2C5B905A003FF7EE /* AppDelegate.swift in Sources */ = {isa = PBXBuildFile; fileRef = C48061392C5B905A003FF7EE /* AppDelegate.swift */; };
		C480613C2C5B905A003FF7EE /* SceneDelegate.swift in Sources */ = {isa = PBXBuildFile; fileRef = C480613B2C5B905A003FF7EE /* SceneDelegate.swift */; };
		C480613E2C5B905A003FF7EE /* PasswordViewController.swift in Sources */ = {isa = PBXBuildFile; fileRef = C480613D2C5B905A003FF7EE /* PasswordViewController.swift */; };
		C48061432C5B905C003FF7EE /* Assets.xcassets in Resources */ = {isa = PBXBuildFile; fileRef = C48061422C5B905C003FF7EE /* Assets.xcassets */; };
		C48061462C5B905C003FF7EE /* Base in Resources */ = {isa = PBXBuildFile; fileRef = C48061452C5B905C003FF7EE /* Base */; };
		C480614F2C5E68AF003FF7EE /* RxCocoa in Frameworks */ = {isa = PBXBuildFile; productRef = C480614E2C5E68AF003FF7EE /* RxCocoa */; };
		C48061512C5E68AF003FF7EE /* RxSwift in Frameworks */ = {isa = PBXBuildFile; productRef = C48061502C5E68AF003FF7EE /* RxSwift */; };
		C48061562C5E6B7B003FF7EE /* SignTextField.swift in Sources */ = {isa = PBXBuildFile; fileRef = C48061552C5E6B7B003FF7EE /* SignTextField.swift */; };
		C48061592C5E6BCF003FF7EE /* Resource.swift in Sources */ = {isa = PBXBuildFile; fileRef = C48061582C5E6BCF003FF7EE /* Resource.swift */; };
		C480615B2C5E6C72003FF7EE /* PointButton.swift in Sources */ = {isa = PBXBuildFile; fileRef = C480615A2C5E6C72003FF7EE /* PointButton.swift */; };
		C480615E2C5E6D02003FF7EE /* SnapKit in Frameworks */ = {isa = PBXBuildFile; productRef = C480615D2C5E6D02003FF7EE /* SnapKit */; };
		C48061602C5E6D2F003FF7EE /* BaseViewController.swift in Sources */ = {isa = PBXBuildFile; fileRef = C480615F2C5E6D2F003FF7EE /* BaseViewController.swift */; };
		C48061622C5E7353003FF7EE /* UIViewController+.swift in Sources */ = {isa = PBXBuildFile; fileRef = C48061612C5E7353003FF7EE /* UIViewController+.swift */; };
		C48061642C5E75DD003FF7EE /* PhoneViewController.swift in Sources */ = {isa = PBXBuildFile; fileRef = C48061632C5E75DD003FF7EE /* PhoneViewController.swift */; };
		C48061662C5E835A003FF7EE /* BirthdayViewController.swift in Sources */ = {isa = PBXBuildFile; fileRef = C48061652C5E835A003FF7EE /* BirthdayViewController.swift */; };
		C480616C2C5E9CEB003FF7EE /* ShoppingListViewController.swift in Sources */ = {isa = PBXBuildFile; fileRef = C480616B2C5E9CEB003FF7EE /* ShoppingListViewController.swift */; };
		C480616E2C5F923A003FF7EE /* Shopping.swift in Sources */ = {isa = PBXBuildFile; fileRef = C480616D2C5F923A003FF7EE /* Shopping.swift */; };
		C48061702C5F9447003FF7EE /* ShoppingTableViewCell.swift in Sources */ = {isa = PBXBuildFile; fileRef = C480616F2C5F9447003FF7EE /* ShoppingTableViewCell.swift */; };
		C48061722C5FC597003FF7EE /* ShoppingDetailViewController.swift in Sources */ = {isa = PBXBuildFile; fileRef = C48061712C5FC597003FF7EE /* ShoppingDetailViewController.swift */; };
/* End PBXBuildFile section */

/* Begin PBXFileReference section */
		C48061362C5B905A003FF7EE /* RxSwift-threads.app */ = {isa = PBXFileReference; explicitFileType = wrapper.application; includeInIndex = 0; path = "RxSwift-threads.app"; sourceTree = BUILT_PRODUCTS_DIR; };
		C48061392C5B905A003FF7EE /* AppDelegate.swift */ = {isa = PBXFileReference; lastKnownFileType = sourcecode.swift; path = AppDelegate.swift; sourceTree = "<group>"; };
		C480613B2C5B905A003FF7EE /* SceneDelegate.swift */ = {isa = PBXFileReference; lastKnownFileType = sourcecode.swift; path = SceneDelegate.swift; sourceTree = "<group>"; };
		C480613D2C5B905A003FF7EE /* PasswordViewController.swift */ = {isa = PBXFileReference; lastKnownFileType = sourcecode.swift; path = PasswordViewController.swift; sourceTree = "<group>"; };
		C48061422C5B905C003FF7EE /* Assets.xcassets */ = {isa = PBXFileReference; lastKnownFileType = folder.assetcatalog; path = Assets.xcassets; sourceTree = "<group>"; };
		C48061452C5B905C003FF7EE /* Base */ = {isa = PBXFileReference; lastKnownFileType = file.storyboard; name = Base; path = Base.lproj/LaunchScreen.storyboard; sourceTree = "<group>"; };
		C48061472C5B905C003FF7EE /* Info.plist */ = {isa = PBXFileReference; lastKnownFileType = text.plist.xml; path = Info.plist; sourceTree = "<group>"; };
		C48061552C5E6B7B003FF7EE /* SignTextField.swift */ = {isa = PBXFileReference; lastKnownFileType = sourcecode.swift; path = SignTextField.swift; sourceTree = "<group>"; };
		C48061582C5E6BCF003FF7EE /* Resource.swift */ = {isa = PBXFileReference; lastKnownFileType = sourcecode.swift; path = Resource.swift; sourceTree = "<group>"; };
		C480615A2C5E6C72003FF7EE /* PointButton.swift */ = {isa = PBXFileReference; lastKnownFileType = sourcecode.swift; path = PointButton.swift; sourceTree = "<group>"; };
		C480615F2C5E6D2F003FF7EE /* BaseViewController.swift */ = {isa = PBXFileReference; lastKnownFileType = sourcecode.swift; path = BaseViewController.swift; sourceTree = "<group>"; };
		C48061612C5E7353003FF7EE /* UIViewController+.swift */ = {isa = PBXFileReference; lastKnownFileType = sourcecode.swift; path = "UIViewController+.swift"; sourceTree = "<group>"; };
		C48061632C5E75DD003FF7EE /* PhoneViewController.swift */ = {isa = PBXFileReference; lastKnownFileType = sourcecode.swift; path = PhoneViewController.swift; sourceTree = "<group>"; };
		C48061652C5E835A003FF7EE /* BirthdayViewController.swift */ = {isa = PBXFileReference; lastKnownFileType = sourcecode.swift; path = BirthdayViewController.swift; sourceTree = "<group>"; };
		C480616B2C5E9CEB003FF7EE /* ShoppingListViewController.swift */ = {isa = PBXFileReference; lastKnownFileType = sourcecode.swift; path = ShoppingListViewController.swift; sourceTree = "<group>"; };
		C480616D2C5F923A003FF7EE /* Shopping.swift */ = {isa = PBXFileReference; lastKnownFileType = sourcecode.swift; path = Shopping.swift; sourceTree = "<group>"; };
		C480616F2C5F9447003FF7EE /* ShoppingTableViewCell.swift */ = {isa = PBXFileReference; lastKnownFileType = sourcecode.swift; path = ShoppingTableViewCell.swift; sourceTree = "<group>"; };
		C48061712C5FC597003FF7EE /* ShoppingDetailViewController.swift */ = {isa = PBXFileReference; lastKnownFileType = sourcecode.swift; path = ShoppingDetailViewController.swift; sourceTree = "<group>"; };
/* End PBXFileReference section */

/* Begin PBXFrameworksBuildPhase section */
		C48061332C5B905A003FF7EE /* Frameworks */ = {
			isa = PBXFrameworksBuildPhase;
			buildActionMask = 2147483647;
			files = (
				C480615E2C5E6D02003FF7EE /* SnapKit in Frameworks */,
				C48061512C5E68AF003FF7EE /* RxSwift in Frameworks */,
				C480614F2C5E68AF003FF7EE /* RxCocoa in Frameworks */,
			);
			runOnlyForDeploymentPostprocessing = 0;
		};
/* End PBXFrameworksBuildPhase section */

/* Begin PBXGroup section */
		C480612D2C5B905A003FF7EE = {
			isa = PBXGroup;
			children = (
				C48061382C5B905A003FF7EE /* RxSwift-threads */,
				C48061372C5B905A003FF7EE /* Products */,
			);
			sourceTree = "<group>";
		};
		C48061372C5B905A003FF7EE /* Products */ = {
			isa = PBXGroup;
			children = (
				C48061362C5B905A003FF7EE /* RxSwift-threads.app */,
			);
			name = Products;
			sourceTree = "<group>";
		};
		C48061382C5B905A003FF7EE /* RxSwift-threads */ = {
			isa = PBXGroup;
			children = (
				C48061522C5E68DB003FF7EE /* Application */,
				C480617B2C60A8D3003FF7EE /* Extension */,
				C480617A2C60A8C2003FF7EE /* Component */,
				C48061792C60A8AD003FF7EE /* Model */,
				C48061572C5E6BAE003FF7EE /* Resource */,
				C48061532C5E68EC003FF7EE /* Presentation */,
				C48061422C5B905C003FF7EE /* Assets.xcassets */,
				C48061442C5B905C003FF7EE /* LaunchScreen.storyboard */,
				C48061472C5B905C003FF7EE /* Info.plist */,
			);
			path = "RxSwift-threads";
			sourceTree = "<group>";
		};
		C48061522C5E68DB003FF7EE /* Application */ = {
			isa = PBXGroup;
			children = (
				C48061392C5B905A003FF7EE /* AppDelegate.swift */,
				C480613B2C5B905A003FF7EE /* SceneDelegate.swift */,
			);
			path = Application;
			sourceTree = "<group>";
		};
		C48061532C5E68EC003FF7EE /* Presentation */ = {
			isa = PBXGroup;
			children = (
				C48061782C60A869003FF7EE /* SignUp */,
				C48061772C60A855003FF7EE /* Shopping */,
			);
			path = Presentation;
			sourceTree = "<group>";
		};
		C48061542C5E6B66003FF7EE /* CustomView */ = {
			isa = PBXGroup;
			children = (
				C48061552C5E6B7B003FF7EE /* SignTextField.swift */,
				C480615A2C5E6C72003FF7EE /* PointButton.swift */,
				C480616F2C5F9447003FF7EE /* ShoppingTableViewCell.swift */,
			);
			path = CustomView;
			sourceTree = "<group>";
		};
		C48061572C5E6BAE003FF7EE /* Resource */ = {
			isa = PBXGroup;
			children = (
				C48061582C5E6BCF003FF7EE /* Resource.swift */,
			);
			path = Resource;
			sourceTree = "<group>";
		};
		C48061772C60A855003FF7EE /* Shopping */ = {
			isa = PBXGroup;
			children = (
				C480616B2C5E9CEB003FF7EE /* ShoppingListViewController.swift */,
				C48061712C5FC597003FF7EE /* ShoppingDetailViewController.swift */,
			);
			path = Shopping;
			sourceTree = "<group>";
		};
		C48061782C60A869003FF7EE /* SignUp */ = {
			isa = PBXGroup;
			children = (
				C480613D2C5B905A003FF7EE /* PasswordViewController.swift */,
				C48061632C5E75DD003FF7EE /* PhoneViewController.swift */,
				C48061652C5E835A003FF7EE /* BirthdayViewController.swift */,
			);
			path = SignUp;
			sourceTree = "<group>";
		};
		C48061792C60A8AD003FF7EE /* Model */ = {
			isa = PBXGroup;
			children = (
				C480616D2C5F923A003FF7EE /* Shopping.swift */,
			);
			path = Model;
			sourceTree = "<group>";
		};
		C480617A2C60A8C2003FF7EE /* Component */ = {
			isa = PBXGroup;
			children = (
				C480615F2C5E6D2F003FF7EE /* BaseViewController.swift */,
				C48061542C5E6B66003FF7EE /* CustomView */,
			);
			path = Component;
			sourceTree = "<group>";
		};
		C480617B2C60A8D3003FF7EE /* Extension */ = {
			isa = PBXGroup;
			children = (
				C48061612C5E7353003FF7EE /* UIViewController+.swift */,
			);
			path = Extension;
			sourceTree = "<group>";
		};
/* End PBXGroup section */

/* Begin PBXNativeTarget section */
		C48061352C5B905A003FF7EE /* RxSwift-threads */ = {
			isa = PBXNativeTarget;
			buildConfigurationList = C480614A2C5B905C003FF7EE /* Build configuration list for PBXNativeTarget "RxSwift-threads" */;
			buildPhases = (
				C48061322C5B905A003FF7EE /* Sources */,
				C48061332C5B905A003FF7EE /* Frameworks */,
				C48061342C5B905A003FF7EE /* Resources */,
			);
			buildRules = (
			);
			dependencies = (
			);
			name = "RxSwift-threads";
			packageProductDependencies = (
				C480614E2C5E68AF003FF7EE /* RxCocoa */,
				C48061502C5E68AF003FF7EE /* RxSwift */,
				C480615D2C5E6D02003FF7EE /* SnapKit */,
			);
			productName = "RxSwift-threads";
			productReference = C48061362C5B905A003FF7EE /* RxSwift-threads.app */;
			productType = "com.apple.product-type.application";
		};
/* End PBXNativeTarget section */

/* Begin PBXProject section */
		C480612E2C5B905A003FF7EE /* Project object */ = {
			isa = PBXProject;
			attributes = {
				BuildIndependentTargetsInParallel = 1;
				LastSwiftUpdateCheck = 1540;
				LastUpgradeCheck = 1540;
				TargetAttributes = {
					C48061352C5B905A003FF7EE = {
						CreatedOnToolsVersion = 15.4;
					};
				};
			};
			buildConfigurationList = C48061312C5B905A003FF7EE /* Build configuration list for PBXProject "RxSwift-threads" */;
			compatibilityVersion = "Xcode 14.0";
			developmentRegion = en;
			hasScannedForEncodings = 0;
			knownRegions = (
				en,
				Base,
			);
			mainGroup = C480612D2C5B905A003FF7EE;
			packageReferences = (
				C480614D2C5E68AF003FF7EE /* XCRemoteSwiftPackageReference "RxSwift" */,
				C480615C2C5E6D01003FF7EE /* XCRemoteSwiftPackageReference "SnapKit" */,
			);
			productRefGroup = C48061372C5B905A003FF7EE /* Products */;
			projectDirPath = "";
			projectRoot = "";
			targets = (
				C48061352C5B905A003FF7EE /* RxSwift-threads */,
			);
		};
/* End PBXProject section */

/* Begin PBXResourcesBuildPhase section */
		C48061342C5B905A003FF7EE /* Resources */ = {
			isa = PBXResourcesBuildPhase;
			buildActionMask = 2147483647;
			files = (
				C48061432C5B905C003FF7EE /* Assets.xcassets in Resources */,
				C48061462C5B905C003FF7EE /* Base in Resources */,
			);
			runOnlyForDeploymentPostprocessing = 0;
		};
/* End PBXResourcesBuildPhase section */

/* Begin PBXSourcesBuildPhase section */
		C48061322C5B905A003FF7EE /* Sources */ = {
			isa = PBXSourcesBuildPhase;
			buildActionMask = 2147483647;
			files = (
				C480616C2C5E9CEB003FF7EE /* ShoppingListViewController.swift in Sources */,
				C48061702C5F9447003FF7EE /* ShoppingTableViewCell.swift in Sources */,
				C480616E2C5F923A003FF7EE /* Shopping.swift in Sources */,
				C48061642C5E75DD003FF7EE /* PhoneViewController.swift in Sources */,
				C48061562C5E6B7B003FF7EE /* SignTextField.swift in Sources */,
				C480613E2C5B905A003FF7EE /* PasswordViewController.swift in Sources */,
				C480615B2C5E6C72003FF7EE /* PointButton.swift in Sources */,
				C480613A2C5B905A003FF7EE /* AppDelegate.swift in Sources */,
				C48061662C5E835A003FF7EE /* BirthdayViewController.swift in Sources */,
				C48061592C5E6BCF003FF7EE /* Resource.swift in Sources */,
				C48061602C5E6D2F003FF7EE /* BaseViewController.swift in Sources */,
				C480613C2C5B905A003FF7EE /* SceneDelegate.swift in Sources */,
				C48061622C5E7353003FF7EE /* UIViewController+.swift in Sources */,
				C48061722C5FC597003FF7EE /* ShoppingDetailViewController.swift in Sources */,
			);
			runOnlyForDeploymentPostprocessing = 0;
		};
/* End PBXSourcesBuildPhase section */

/* Begin PBXVariantGroup section */
		C48061442C5B905C003FF7EE /* LaunchScreen.storyboard */ = {
			isa = PBXVariantGroup;
			children = (
				C48061452C5B905C003FF7EE /* Base */,
			);
			name = LaunchScreen.storyboard;
			sourceTree = "<group>";
		};
/* End PBXVariantGroup section */

/* Begin XCBuildConfiguration section */
		C48061482C5B905C003FF7EE /* Debug */ = {
			isa = XCBuildConfiguration;
			buildSettings = {
				ALWAYS_SEARCH_USER_PATHS = NO;
				ASSETCATALOG_COMPILER_GENERATE_SWIFT_ASSET_SYMBOL_EXTENSIONS = YES;
				CLANG_ANALYZER_NONNULL = YES;
				CLANG_ANALYZER_NUMBER_OBJECT_CONVERSION = YES_AGGRESSIVE;
				CLANG_CXX_LANGUAGE_STANDARD = "gnu++20";
				CLANG_ENABLE_MODULES = YES;
				CLANG_ENABLE_OBJC_ARC = YES;
				CLANG_ENABLE_OBJC_WEAK = YES;
				CLANG_WARN_BLOCK_CAPTURE_AUTORELEASING = YES;
				CLANG_WARN_BOOL_CONVERSION = YES;
				CLANG_WARN_COMMA = YES;
				CLANG_WARN_CONSTANT_CONVERSION = YES;
				CLANG_WARN_DEPRECATED_OBJC_IMPLEMENTATIONS = YES;
				CLANG_WARN_DIRECT_OBJC_ISA_USAGE = YES_ERROR;
				CLANG_WARN_DOCUMENTATION_COMMENTS = YES;
				CLANG_WARN_EMPTY_BODY = YES;
				CLANG_WARN_ENUM_CONVERSION = YES;
				CLANG_WARN_INFINITE_RECURSION = YES;
				CLANG_WARN_INT_CONVERSION = YES;
				CLANG_WARN_NON_LITERAL_NULL_CONVERSION = YES;
				CLANG_WARN_OBJC_IMPLICIT_RETAIN_SELF = YES;
				CLANG_WARN_OBJC_LITERAL_CONVERSION = YES;
				CLANG_WARN_OBJC_ROOT_CLASS = YES_ERROR;
				CLANG_WARN_QUOTED_INCLUDE_IN_FRAMEWORK_HEADER = YES;
				CLANG_WARN_RANGE_LOOP_ANALYSIS = YES;
				CLANG_WARN_STRICT_PROTOTYPES = YES;
				CLANG_WARN_SUSPICIOUS_MOVE = YES;
				CLANG_WARN_UNGUARDED_AVAILABILITY = YES_AGGRESSIVE;
				CLANG_WARN_UNREACHABLE_CODE = YES;
				CLANG_WARN__DUPLICATE_METHOD_MATCH = YES;
				COPY_PHASE_STRIP = NO;
				DEBUG_INFORMATION_FORMAT = dwarf;
				ENABLE_STRICT_OBJC_MSGSEND = YES;
				ENABLE_TESTABILITY = YES;
				ENABLE_USER_SCRIPT_SANDBOXING = YES;
				GCC_C_LANGUAGE_STANDARD = gnu17;
				GCC_DYNAMIC_NO_PIC = NO;
				GCC_NO_COMMON_BLOCKS = YES;
				GCC_OPTIMIZATION_LEVEL = 0;
				GCC_PREPROCESSOR_DEFINITIONS = (
					"DEBUG=1",
					"$(inherited)",
				);
				GCC_WARN_64_TO_32_BIT_CONVERSION = YES;
				GCC_WARN_ABOUT_RETURN_TYPE = YES_ERROR;
				GCC_WARN_UNDECLARED_SELECTOR = YES;
				GCC_WARN_UNINITIALIZED_AUTOS = YES_AGGRESSIVE;
				GCC_WARN_UNUSED_FUNCTION = YES;
				GCC_WARN_UNUSED_VARIABLE = YES;
				IPHONEOS_DEPLOYMENT_TARGET = 17.5;
				LOCALIZATION_PREFERS_STRING_CATALOGS = YES;
				MTL_ENABLE_DEBUG_INFO = INCLUDE_SOURCE;
				MTL_FAST_MATH = YES;
				ONLY_ACTIVE_ARCH = YES;
				SDKROOT = iphoneos;
				SWIFT_ACTIVE_COMPILATION_CONDITIONS = "DEBUG $(inherited)";
				SWIFT_OPTIMIZATION_LEVEL = "-Onone";
			};
			name = Debug;
		};
		C48061492C5B905C003FF7EE /* Release */ = {
			isa = XCBuildConfiguration;
			buildSettings = {
				ALWAYS_SEARCH_USER_PATHS = NO;
				ASSETCATALOG_COMPILER_GENERATE_SWIFT_ASSET_SYMBOL_EXTENSIONS = YES;
				CLANG_ANALYZER_NONNULL = YES;
				CLANG_ANALYZER_NUMBER_OBJECT_CONVERSION = YES_AGGRESSIVE;
				CLANG_CXX_LANGUAGE_STANDARD = "gnu++20";
				CLANG_ENABLE_MODULES = YES;
				CLANG_ENABLE_OBJC_ARC = YES;
				CLANG_ENABLE_OBJC_WEAK = YES;
				CLANG_WARN_BLOCK_CAPTURE_AUTORELEASING = YES;
				CLANG_WARN_BOOL_CONVERSION = YES;
				CLANG_WARN_COMMA = YES;
				CLANG_WARN_CONSTANT_CONVERSION = YES;
				CLANG_WARN_DEPRECATED_OBJC_IMPLEMENTATIONS = YES;
				CLANG_WARN_DIRECT_OBJC_ISA_USAGE = YES_ERROR;
				CLANG_WARN_DOCUMENTATION_COMMENTS = YES;
				CLANG_WARN_EMPTY_BODY = YES;
				CLANG_WARN_ENUM_CONVERSION = YES;
				CLANG_WARN_INFINITE_RECURSION = YES;
				CLANG_WARN_INT_CONVERSION = YES;
				CLANG_WARN_NON_LITERAL_NULL_CONVERSION = YES;
				CLANG_WARN_OBJC_IMPLICIT_RETAIN_SELF = YES;
				CLANG_WARN_OBJC_LITERAL_CONVERSION = YES;
				CLANG_WARN_OBJC_ROOT_CLASS = YES_ERROR;
				CLANG_WARN_QUOTED_INCLUDE_IN_FRAMEWORK_HEADER = YES;
				CLANG_WARN_RANGE_LOOP_ANALYSIS = YES;
				CLANG_WARN_STRICT_PROTOTYPES = YES;
				CLANG_WARN_SUSPICIOUS_MOVE = YES;
				CLANG_WARN_UNGUARDED_AVAILABILITY = YES_AGGRESSIVE;
				CLANG_WARN_UNREACHABLE_CODE = YES;
				CLANG_WARN__DUPLICATE_METHOD_MATCH = YES;
				COPY_PHASE_STRIP = NO;
				DEBUG_INFORMATION_FORMAT = "dwarf-with-dsym";
				ENABLE_NS_ASSERTIONS = NO;
				ENABLE_STRICT_OBJC_MSGSEND = YES;
				ENABLE_USER_SCRIPT_SANDBOXING = YES;
				GCC_C_LANGUAGE_STANDARD = gnu17;
				GCC_NO_COMMON_BLOCKS = YES;
				GCC_WARN_64_TO_32_BIT_CONVERSION = YES;
				GCC_WARN_ABOUT_RETURN_TYPE = YES_ERROR;
				GCC_WARN_UNDECLARED_SELECTOR = YES;
				GCC_WARN_UNINITIALIZED_AUTOS = YES_AGGRESSIVE;
				GCC_WARN_UNUSED_FUNCTION = YES;
				GCC_WARN_UNUSED_VARIABLE = YES;
				IPHONEOS_DEPLOYMENT_TARGET = 17.5;
				LOCALIZATION_PREFERS_STRING_CATALOGS = YES;
				MTL_ENABLE_DEBUG_INFO = NO;
				MTL_FAST_MATH = YES;
				SDKROOT = iphoneos;
				SWIFT_COMPILATION_MODE = wholemodule;
				VALIDATE_PRODUCT = YES;
			};
			name = Release;
		};
		C480614B2C5B905C003FF7EE /* Debug */ = {
			isa = XCBuildConfiguration;
			buildSettings = {
				ASSETCATALOG_COMPILER_APPICON_NAME = AppIcon;
				ASSETCATALOG_COMPILER_GLOBAL_ACCENT_COLOR_NAME = AccentColor;
				CODE_SIGN_STYLE = Automatic;
				CURRENT_PROJECT_VERSION = 1;
				DEVELOPMENT_TEAM = 95Z2W8U6PK;
				GENERATE_INFOPLIST_FILE = YES;
				INFOPLIST_FILE = "RxSwift-threads/Info.plist";
				INFOPLIST_KEY_UIApplicationSupportsIndirectInputEvents = YES;
				INFOPLIST_KEY_UILaunchStoryboardName = LaunchScreen;
				INFOPLIST_KEY_UISupportedInterfaceOrientations = UIInterfaceOrientationPortrait;
				INFOPLIST_KEY_UISupportedInterfaceOrientations_iPad = "UIInterfaceOrientationLandscapeLeft UIInterfaceOrientationLandscapeRight UIInterfaceOrientationPortrait UIInterfaceOrientationPortraitUpsideDown";
				LD_RUNPATH_SEARCH_PATHS = (
					"$(inherited)",
					"@executable_path/Frameworks",
				);
				MARKETING_VERSION = 1.0;
				PRODUCT_BUNDLE_IDENTIFIER = "com.junehee.RxSwift-threads";
				PRODUCT_NAME = "$(TARGET_NAME)";
				SUPPORTED_PLATFORMS = "iphoneos iphonesimulator";
				SUPPORTS_MACCATALYST = NO;
				SUPPORTS_MAC_DESIGNED_FOR_IPHONE_IPAD = NO;
				SUPPORTS_XR_DESIGNED_FOR_IPHONE_IPAD = NO;
				SWIFT_EMIT_LOC_STRINGS = YES;
				SWIFT_VERSION = 5.0;
				TARGETED_DEVICE_FAMILY = 1;
			};
			name = Debug;
		};
		C480614C2C5B905C003FF7EE /* Release */ = {
			isa = XCBuildConfiguration;
			buildSettings = {
				ASSETCATALOG_COMPILER_APPICON_NAME = AppIcon;
				ASSETCATALOG_COMPILER_GLOBAL_ACCENT_COLOR_NAME = AccentColor;
				CODE_SIGN_STYLE = Automatic;
				CURRENT_PROJECT_VERSION = 1;
				DEVELOPMENT_TEAM = 95Z2W8U6PK;
				GENERATE_INFOPLIST_FILE = YES;
				INFOPLIST_FILE = "RxSwift-threads/Info.plist";
				INFOPLIST_KEY_UIApplicationSupportsIndirectInputEvents = YES;
				INFOPLIST_KEY_UILaunchStoryboardName = LaunchScreen;
				INFOPLIST_KEY_UISupportedInterfaceOrientations = UIInterfaceOrientationPortrait;
				INFOPLIST_KEY_UISupportedInterfaceOrientations_iPad = "UIInterfaceOrientationLandscapeLeft UIInterfaceOrientationLandscapeRight UIInterfaceOrientationPortrait UIInterfaceOrientationPortraitUpsideDown";
				LD_RUNPATH_SEARCH_PATHS = (
					"$(inherited)",
					"@executable_path/Frameworks",
				);
				MARKETING_VERSION = 1.0;
				PRODUCT_BUNDLE_IDENTIFIER = "com.junehee.RxSwift-threads";
				PRODUCT_NAME = "$(TARGET_NAME)";
				SUPPORTED_PLATFORMS = "iphoneos iphonesimulator";
				SUPPORTS_MACCATALYST = NO;
				SUPPORTS_MAC_DESIGNED_FOR_IPHONE_IPAD = NO;
				SUPPORTS_XR_DESIGNED_FOR_IPHONE_IPAD = NO;
				SWIFT_EMIT_LOC_STRINGS = YES;
				SWIFT_VERSION = 5.0;
				TARGETED_DEVICE_FAMILY = 1;
			};
			name = Release;
		};
/* End XCBuildConfiguration section */

/* Begin XCConfigurationList section */
		C48061312C5B905A003FF7EE /* Build configuration list for PBXProject "RxSwift-threads" */ = {
			isa = XCConfigurationList;
			buildConfigurations = (
				C48061482C5B905C003FF7EE /* Debug */,
				C48061492C5B905C003FF7EE /* Release */,
			);
			defaultConfigurationIsVisible = 0;
			defaultConfigurationName = Release;
		};
		C480614A2C5B905C003FF7EE /* Build configuration list for PBXNativeTarget "RxSwift-threads" */ = {
			isa = XCConfigurationList;
			buildConfigurations = (
				C480614B2C5B905C003FF7EE /* Debug */,
				C480614C2C5B905C003FF7EE /* Release */,
			);
			defaultConfigurationIsVisible = 0;
			defaultConfigurationName = Release;
		};
/* End XCConfigurationList section */

/* Begin XCRemoteSwiftPackageReference section */
		C480614D2C5E68AF003FF7EE /* XCRemoteSwiftPackageReference "RxSwift" */ = {
			isa = XCRemoteSwiftPackageReference;
			repositoryURL = "https://github.com/ReactiveX/RxSwift";
			requirement = {
				kind = upToNextMajorVersion;
				minimumVersion = 6.7.1;
			};
		};
		C480615C2C5E6D01003FF7EE /* XCRemoteSwiftPackageReference "SnapKit" */ = {
			isa = XCRemoteSwiftPackageReference;
			repositoryURL = "https://github.com/SnapKit/SnapKit.git";
			requirement = {
				kind = upToNextMajorVersion;
				minimumVersion = 5.7.1;
			};
		};
/* End XCRemoteSwiftPackageReference section */

/* Begin XCSwiftPackageProductDependency section */
		C480614E2C5E68AF003FF7EE /* RxCocoa */ = {
			isa = XCSwiftPackageProductDependency;
			package = C480614D2C5E68AF003FF7EE /* XCRemoteSwiftPackageReference "RxSwift" */;
			productName = RxCocoa;
		};
		C48061502C5E68AF003FF7EE /* RxSwift */ = {
			isa = XCSwiftPackageProductDependency;
			package = C480614D2C5E68AF003FF7EE /* XCRemoteSwiftPackageReference "RxSwift" */;
			productName = RxSwift;
		};
		C480615D2C5E6D02003FF7EE /* SnapKit */ = {
			isa = XCSwiftPackageProductDependency;
			package = C480615C2C5E6D01003FF7EE /* XCRemoteSwiftPackageReference "SnapKit" */;
			productName = SnapKit;
		};
/* End XCSwiftPackageProductDependency section */
	};
	rootObject = C480612E2C5B905A003FF7EE /* Project object */;
}
